
Microsoft Visual Studio Solution File, Format Version 12.00
# Visual Studio Version 16
VisualStudioVersion = 16.0.29911.84
MinimumVisualStudioVersion = 10.0.40219.1
Project("{FAE04EC0-301F-11D3-BF4B-00C04F79EFBC}") = "Bank App", "Bank App\Bank App.csproj", "{797F321B-394A-4ED8-8CA7-FB09B3764B4A}"
EndProject
Global
	GlobalSection(SolutionConfigurationPlatforms) = preSolution
		Debug|Any CPU = Debug|Any CPU
		Release|Any CPU = Release|Any CPU
	EndGlobalSection
	GlobalSection(ProjectConfigurationPlatforms) = postSolution
		{797F321B-394A-4ED8-8CA7-FB09B3764B4A}.Debug|Any CPU.ActiveCfg = Debug|Any CPU
		{797F321B-394A-4ED8-8CA7-FB09B3764B4A}.Debug|Any CPU.Build.0 = Debug|Any CPU
		{797F321B-394A-4ED8-8CA7-FB09B3764B4A}.Release|Any CPU.ActiveCfg = Release|Any CPU
		{797F321B-394A-4ED8-8CA7-FB09B3764B4A}.Release|Any CPU.Build.0 = Release|Any CPU
	EndGlobalSection
	GlobalSection(SolutionProperties) = preSolution
		HideSolutionNode = FALSE
	EndGlobalSection
	GlobalSection(ExtensibilityGlobals) = postSolution
		SolutionGuid = {639096E2-F6D3-4B28-A38A-6E359D835DE3}
	EndGlobalSection
EndGlobal
